
Microsoft Visual Studio Solution File, Format Version 12.00
# Visual Studio 15
VisualStudioVersion = 15.0.26114.2
MinimumVisualStudioVersion = 10.0.40219.1
Project("{FAE04EC0-301F-11D3-BF4B-00C04F79EFBC}") = "CoreWebAppExample", "CoreWebAppExample\CoreWebAppExample.csproj", "{29B842FA-9C68-4B88-A424-B14CE22740D0}"
EndProject
Global
	GlobalSection(SolutionConfigurationPlatforms) = preSolution
		Debug|Any CPU = Debug|Any CPU
		Release|Any CPU = Release|Any CPU
		Debug|x64 = Debug|x64
		Debug|x86 = Debug|x86
		Release|x64 = Release|x64
		Release|x86 = Release|x86
	EndGlobalSection
	GlobalSection(ProjectConfigurationPlatforms) = postSolution
		{2B46A42D-767E-4E37-90C5-0E1CB35E1E1D}.Debug|Any CPU.ActiveCfg = Debug|Any CPU
		{2B46A42D-767E-4E37-90C5-0E1CB35E1E1D}.Debug|Any CPU.Build.0 = Debug|Any CPU
		{2B46A42D-767E-4E37-90C5-0E1CB35E1E1D}.Debug|x64.ActiveCfg = Debug|x64
		{2B46A42D-767E-4E37-90C5-0E1CB35E1E1D}.Debug|x64.Build.0 = Debug|x64
		{2B46A42D-767E-4E37-90C5-0E1CB35E1E1D}.Debug|x86.ActiveCfg = Debug|x86
		{2B46A42D-767E-4E37-90C5-0E1CB35E1E1D}.Debug|x86.Build.0 = Debug|x86
		{2B46A42D-767E-4E37-90C5-0E1CB35E1E1D}.Release|Any CPU.ActiveCfg = Release|Any CPU
		{2B46A42D-767E-4E37-90C5-0E1CB35E1E1D}.Release|Any CPU.Build.0 = Release|Any CPU
		{2B46A42D-767E-4E37-90C5-0E1CB35E1E1D}.Release|x64.ActiveCfg = Release|x64
		{2B46A42D-767E-4E37-90C5-0E1CB35E1E1D}.Release|x64.Build.0 = Release|x64
		{2B46A42D-767E-4E37-90C5-0E1CB35E1E1D}.Release|x86.ActiveCfg = Release|x86
		{2B46A42D-767E-4E37-90C5-0E1CB35E1E1D}.Release|x86.Build.0 = Release|x86
		{29B842FA-9C68-4B88-A424-B14CE22740D0}.Debug|Any CPU.ActiveCfg = Debug|Any CPU
		{29B842FA-9C68-4B88-A424-B14CE22740D0}.Debug|Any CPU.Build.0 = Debug|Any CPU
		{29B842FA-9C68-4B88-A424-B14CE22740D0}.Debug|x64.ActiveCfg = Debug|x64
		{29B842FA-9C68-4B88-A424-B14CE22740D0}.Debug|x64.Build.0 = Debug|x64
		{29B842FA-9C68-4B88-A424-B14CE22740D0}.Debug|x86.ActiveCfg = Debug|x86
		{29B842FA-9C68-4B88-A424-B14CE22740D0}.Debug|x86.Build.0 = Debug|x86
		{29B842FA-9C68-4B88-A424-B14CE22740D0}.Release|Any CPU.ActiveCfg = Release|Any CPU
		{29B842FA-9C68-4B88-A424-B14CE22740D0}.Release|Any CPU.Build.0 = Release|Any CPU
		{29B842FA-9C68-4B88-A424-B14CE22740D0}.Release|x64.ActiveCfg = Release|x64
		{29B842FA-9C68-4B88-A424-B14CE22740D0}.Release|x64.Build.0 = Release|x64
		{29B842FA-9C68-4B88-A424-B14CE22740D0}.Release|x86.ActiveCfg = Release|x86
		{29B842FA-9C68-4B88-A424-B14CE22740D0}.Release|x86.Build.0 = Release|x86
	EndGlobalSection
	GlobalSection(SolutionProperties) = preSolution
		HideSolutionNode = FALSE
	EndGlobalSection
	GlobalSection(NestedProjects) = preSolution
		{2B46A42D-767E-4E37-90C5-0E1CB35E1E1D} = {5D2EC8EE-1967-4DF9-B16E-56C8FFB31C32}
	EndGlobalSection
EndGlobal
