
Microsoft Visual Studio Solution File, Format Version 12.00
# Visual Studio 14
VisualStudioVersion = 14.0.25420.1
MinimumVisualStudioVersion = 10.0.40219.1
Project("{2150E333-8FDC-42A3-9474-1A3956D46DE8}") = "src", "src", "{5D2EC8EE-1967-4DF9-B16E-56C8FFB31C32}"
EndProject
Project("{2150E333-8FDC-42A3-9474-1A3956D46DE8}") = "Solution Items", "Solution Items", "{5C69B9C0-3264-4E1F-98E9-7DD9B12F3FD3}"
	ProjectSection(SolutionItems) = preProject
		global.json = global.json
	EndProjectSection
EndProject
Project("{8BB2217D-0F2D-49D1-97BC-3654ED321F3B}") = "CoreWebAppExample", "src\CoreWebAppExample\CoreWebAppExample.xproj", "{5AB9B7C5-2560-49DC-B2AD-CA79CE76F665}"
EndProject
Global
	GlobalSection(SolutionConfigurationPlatforms) = preSolution
		Debug|Any CPU = Debug|Any CPU
		Release|Any CPU = Release|Any CPU
	EndGlobalSection
	GlobalSection(ProjectConfigurationPlatforms) = postSolution
		{5AB9B7C5-2560-49DC-B2AD-CA79CE76F665}.Debug|Any CPU.ActiveCfg = Debug|Any CPU
		{5AB9B7C5-2560-49DC-B2AD-CA79CE76F665}.Debug|Any CPU.Build.0 = Debug|Any CPU
		{5AB9B7C5-2560-49DC-B2AD-CA79CE76F665}.Release|Any CPU.ActiveCfg = Release|Any CPU
		{5AB9B7C5-2560-49DC-B2AD-CA79CE76F665}.Release|Any CPU.Build.0 = Release|Any CPU
	EndGlobalSection
	GlobalSection(SolutionProperties) = preSolution
		HideSolutionNode = FALSE
	EndGlobalSection
	GlobalSection(NestedProjects) = preSolution
		{5AB9B7C5-2560-49DC-B2AD-CA79CE76F665} = {5D2EC8EE-1967-4DF9-B16E-56C8FFB31C32}
	EndGlobalSection
EndGlobal
